// !$*UTF8*$!
{
	archiveVersion = 1;
	classes = {
	};
	objectVersion = 55;
	objects = {

/* Begin PBXBuildFile section */
		F553C311283BBF8C00C93D56 /* HotProspectsApp.swift in Sources */ = {isa = PBXBuildFile; fileRef = F553C310283BBF8C00C93D56 /* HotProspectsApp.swift */; };
		F553C313283BBF8C00C93D56 /* EnvironmentView.swift in Sources */ = {isa = PBXBuildFile; fileRef = F553C312283BBF8C00C93D56 /* EnvironmentView.swift */; };
		F553C315283BBF8D00C93D56 /* Assets.xcassets in Resources */ = {isa = PBXBuildFile; fileRef = F553C314283BBF8D00C93D56 /* Assets.xcassets */; };
		F553C318283BBF8D00C93D56 /* Preview Assets.xcassets in Resources */ = {isa = PBXBuildFile; fileRef = F553C317283BBF8D00C93D56 /* Preview Assets.xcassets */; };
		F553C31F283BD49000C93D56 /* ContentView.swift in Sources */ = {isa = PBXBuildFile; fileRef = F553C31E283BD49000C93D56 /* ContentView.swift */; };
		F553C321283BF0D900C93D56 /* Tab.swift in Sources */ = {isa = PBXBuildFile; fileRef = F553C320283BF0D900C93D56 /* Tab.swift */; };
		F553C323283BFAF100C93D56 /* ManualPublishView.swift in Sources */ = {isa = PBXBuildFile; fileRef = F553C322283BFAF100C93D56 /* ManualPublishView.swift */; };
		F553C325283C5DD800C93D56 /* ResultView.swift in Sources */ = {isa = PBXBuildFile; fileRef = F553C324283C5DD800C93D56 /* ResultView.swift */; };
		F553C327283C6A9F00C93D56 /* ImageInterpolation.swift in Sources */ = {isa = PBXBuildFile; fileRef = F553C326283C6A9F00C93D56 /* ImageInterpolation.swift */; };
		F553C329283C6DF500C93D56 /* ContextMenu.swift in Sources */ = {isa = PBXBuildFile; fileRef = F553C328283C6DF500C93D56 /* ContextMenu.swift */; };
		F553C32B283C759A00C93D56 /* SwipeAction.swift in Sources */ = {isa = PBXBuildFile; fileRef = F553C32A283C759A00C93D56 /* SwipeAction.swift */; };
		F553C330283CD49300C93D56 /* UserNotification.swift in Sources */ = {isa = PBXBuildFile; fileRef = F553C32F283CD49300C93D56 /* UserNotification.swift */; };
		F553C333283CDE4300C93D56 /* ProspectsView.swift in Sources */ = {isa = PBXBuildFile; fileRef = F553C332283CDE4300C93D56 /* ProspectsView.swift */; };
		F553C335283CDE4E00C93D56 /* MeView.swift in Sources */ = {isa = PBXBuildFile; fileRef = F553C334283CDE4E00C93D56 /* MeView.swift */; };
		F553C337283CE35000C93D56 /* Prospect.swift in Sources */ = {isa = PBXBuildFile; fileRef = F553C336283CE35000C93D56 /* Prospect.swift */; };
		F553C33A283DEBD300C93D56 /* CodeScanner in Frameworks */ = {isa = PBXBuildFile; productRef = F553C339283DEBD300C93D56 /* CodeScanner */; };
		F5E6A724283F4FF4006C2DB8 /* ImageSaver.swift in Sources */ = {isa = PBXBuildFile; fileRef = F5E6A723283F4FF4006C2DB8 /* ImageSaver.swift */; };
/* End PBXBuildFile section */

/* Begin PBXFileReference section */
		F553C30D283BBF8C00C93D56 /* HotProspects.app */ = {isa = PBXFileReference; explicitFileType = wrapper.application; includeInIndex = 0; path = HotProspects.app; sourceTree = BUILT_PRODUCTS_DIR; };
		F553C310283BBF8C00C93D56 /* HotProspectsApp.swift */ = {isa = PBXFileReference; lastKnownFileType = sourcecode.swift; path = HotProspectsApp.swift; sourceTree = "<group>"; };
		F553C312283BBF8C00C93D56 /* EnvironmentView.swift */ = {isa = PBXFileReference; lastKnownFileType = sourcecode.swift; path = EnvironmentView.swift; sourceTree = "<group>"; };
		F553C314283BBF8D00C93D56 /* Assets.xcassets */ = {isa = PBXFileReference; lastKnownFileType = folder.assetcatalog; path = Assets.xcassets; sourceTree = "<group>"; };
		F553C317283BBF8D00C93D56 /* Preview Assets.xcassets */ = {isa = PBXFileReference; lastKnownFileType = folder.assetcatalog; path = "Preview Assets.xcassets"; sourceTree = "<group>"; };
		F553C31E283BD49000C93D56 /* ContentView.swift */ = {isa = PBXFileReference; lastKnownFileType = sourcecode.swift; path = ContentView.swift; sourceTree = "<group>"; };
		F553C320283BF0D900C93D56 /* Tab.swift */ = {isa = PBXFileReference; lastKnownFileType = sourcecode.swift; path = Tab.swift; sourceTree = "<group>"; };
		F553C322283BFAF100C93D56 /* ManualPublishView.swift */ = {isa = PBXFileReference; lastKnownFileType = sourcecode.swift; path = ManualPublishView.swift; sourceTree = "<group>"; };
		F553C324283C5DD800C93D56 /* ResultView.swift */ = {isa = PBXFileReference; lastKnownFileType = sourcecode.swift; path = ResultView.swift; sourceTree = "<group>"; };
		F553C326283C6A9F00C93D56 /* ImageInterpolation.swift */ = {isa = PBXFileReference; lastKnownFileType = sourcecode.swift; path = ImageInterpolation.swift; sourceTree = "<group>"; };
		F553C328283C6DF500C93D56 /* ContextMenu.swift */ = {isa = PBXFileReference; lastKnownFileType = sourcecode.swift; path = ContextMenu.swift; sourceTree = "<group>"; };
		F553C32A283C759A00C93D56 /* SwipeAction.swift */ = {isa = PBXFileReference; lastKnownFileType = sourcecode.swift; path = SwipeAction.swift; sourceTree = "<group>"; };
		F553C32F283CD49300C93D56 /* UserNotification.swift */ = {isa = PBXFileReference; lastKnownFileType = sourcecode.swift; path = UserNotification.swift; sourceTree = "<group>"; };
		F553C332283CDE4300C93D56 /* ProspectsView.swift */ = {isa = PBXFileReference; lastKnownFileType = sourcecode.swift; path = ProspectsView.swift; sourceTree = "<group>"; };
		F553C334283CDE4E00C93D56 /* MeView.swift */ = {isa = PBXFileReference; lastKnownFileType = sourcecode.swift; path = MeView.swift; sourceTree = "<group>"; };
		F553C336283CE35000C93D56 /* Prospect.swift */ = {isa = PBXFileReference; lastKnownFileType = sourcecode.swift; path = Prospect.swift; sourceTree = "<group>"; };
		F5E6A723283F4FF4006C2DB8 /* ImageSaver.swift */ = {isa = PBXFileReference; fileEncoding = 4; lastKnownFileType = sourcecode.swift; path = ImageSaver.swift; sourceTree = "<group>"; };
/* End PBXFileReference section */

/* Begin PBXFrameworksBuildPhase section */
		F553C30A283BBF8C00C93D56 /* Frameworks */ = {
			isa = PBXFrameworksBuildPhase;
			buildActionMask = 2147483647;
			files = (
				F553C33A283DEBD300C93D56 /* CodeScanner in Frameworks */,
			);
			runOnlyForDeploymentPostprocessing = 0;
		};
/* End PBXFrameworksBuildPhase section */

/* Begin PBXGroup section */
		F553C304283BBF8C00C93D56 = {
			isa = PBXGroup;
			children = (
				F553C30F283BBF8C00C93D56 /* HotProspects */,
				F553C30E283BBF8C00C93D56 /* Products */,
			);
			sourceTree = "<group>";
		};
		F553C30E283BBF8C00C93D56 /* Products */ = {
			isa = PBXGroup;
			children = (
				F553C30D283BBF8C00C93D56 /* HotProspects.app */,
			);
			name = Products;
			sourceTree = "<group>";
		};
		F553C30F283BBF8C00C93D56 /* HotProspects */ = {
			isa = PBXGroup;
			children = (
				F553C310283BBF8C00C93D56 /* HotProspectsApp.swift */,
				F553C31E283BD49000C93D56 /* ContentView.swift */,
				F553C332283CDE4300C93D56 /* ProspectsView.swift */,
				F553C334283CDE4E00C93D56 /* MeView.swift */,
				F553C336283CE35000C93D56 /* Prospect.swift */,
				F5E6A723283F4FF4006C2DB8 /* ImageSaver.swift */,
				F553C331283CDE1100C93D56 /* Intro */,
				F553C314283BBF8D00C93D56 /* Assets.xcassets */,
				F553C316283BBF8D00C93D56 /* Preview Content */,
			);
			path = HotProspects;
			sourceTree = "<group>";
		};
		F553C316283BBF8D00C93D56 /* Preview Content */ = {
			isa = PBXGroup;
			children = (
				F553C317283BBF8D00C93D56 /* Preview Assets.xcassets */,
			);
			path = "Preview Content";
			sourceTree = "<group>";
		};
		F553C331283CDE1100C93D56 /* Intro */ = {
			isa = PBXGroup;
			children = (
				F553C320283BF0D900C93D56 /* Tab.swift */,
				F553C32F283CD49300C93D56 /* UserNotification.swift */,
				F553C32A283C759A00C93D56 /* SwipeAction.swift */,
				F553C328283C6DF500C93D56 /* ContextMenu.swift */,
				F553C326283C6A9F00C93D56 /* ImageInterpolation.swift */,
				F553C324283C5DD800C93D56 /* ResultView.swift */,
				F553C312283BBF8C00C93D56 /* EnvironmentView.swift */,
				F553C322283BFAF100C93D56 /* ManualPublishView.swift */,
			);
			path = Intro;
			sourceTree = "<group>";
		};
/* End PBXGroup section */

/* Begin PBXNativeTarget section */
		F553C30C283BBF8C00C93D56 /* HotProspects */ = {
			isa = PBXNativeTarget;
			buildConfigurationList = F553C31B283BBF8D00C93D56 /* Build configuration list for PBXNativeTarget "HotProspects" */;
			buildPhases = (
				F553C309283BBF8C00C93D56 /* Sources */,
				F553C30A283BBF8C00C93D56 /* Frameworks */,
				F553C30B283BBF8C00C93D56 /* Resources */,
			);
			buildRules = (
			);
			dependencies = (
			);
			name = HotProspects;
			packageProductDependencies = (
				F553C339283DEBD300C93D56 /* CodeScanner */,
			);
			productName = HotProspects;
			productReference = F553C30D283BBF8C00C93D56 /* HotProspects.app */;
			productType = "com.apple.product-type.application";
		};
/* End PBXNativeTarget section */

/* Begin PBXProject section */
		F553C305283BBF8C00C93D56 /* Project object */ = {
			isa = PBXProject;
			attributes = {
				BuildIndependentTargetsInParallel = 1;
				LastSwiftUpdateCheck = 1330;
				LastUpgradeCheck = 1330;
				TargetAttributes = {
					F553C30C283BBF8C00C93D56 = {
						CreatedOnToolsVersion = 13.3;
					};
				};
			};
			buildConfigurationList = F553C308283BBF8C00C93D56 /* Build configuration list for PBXProject "HotProspects" */;
			compatibilityVersion = "Xcode 13.0";
			developmentRegion = en;
			hasScannedForEncodings = 0;
			knownRegions = (
				en,
				Base,
			);
			mainGroup = F553C304283BBF8C00C93D56;
			packageReferences = (
				F553C338283DEBD300C93D56 /* XCRemoteSwiftPackageReference "CodeScanner" */,
			);
			productRefGroup = F553C30E283BBF8C00C93D56 /* Products */;
			projectDirPath = "";
			projectRoot = "";
			targets = (
				F553C30C283BBF8C00C93D56 /* HotProspects */,
			);
		};
/* End PBXProject section */

/* Begin PBXResourcesBuildPhase section */
		F553C30B283BBF8C00C93D56 /* Resources */ = {
			isa = PBXResourcesBuildPhase;
			buildActionMask = 2147483647;
			files = (
				F553C318283BBF8D00C93D56 /* Preview Assets.xcassets in Resources */,
				F553C315283BBF8D00C93D56 /* Assets.xcassets in Resources */,
			);
			runOnlyForDeploymentPostprocessing = 0;
		};
/* End PBXResourcesBuildPhase section */

/* Begin PBXSourcesBuildPhase section */
		F553C309283BBF8C00C93D56 /* Sources */ = {
			isa = PBXSourcesBuildPhase;
			buildActionMask = 2147483647;
			files = (
				F553C335283CDE4E00C93D56 /* MeView.swift in Sources */,
				F553C313283BBF8C00C93D56 /* EnvironmentView.swift in Sources */,
				F553C311283BBF8C00C93D56 /* HotProspectsApp.swift in Sources */,
				F5E6A724283F4FF4006C2DB8 /* ImageSaver.swift in Sources */,
				F553C337283CE35000C93D56 /* Prospect.swift in Sources */,
				F553C31F283BD49000C93D56 /* ContentView.swift in Sources */,
				F553C323283BFAF100C93D56 /* ManualPublishView.swift in Sources */,
				F553C327283C6A9F00C93D56 /* ImageInterpolation.swift in Sources */,
				F553C32B283C759A00C93D56 /* SwipeAction.swift in Sources */,
				F553C321283BF0D900C93D56 /* Tab.swift in Sources */,
				F553C330283CD49300C93D56 /* UserNotification.swift in Sources */,
				F553C329283C6DF500C93D56 /* ContextMenu.swift in Sources */,
				F553C333283CDE4300C93D56 /* ProspectsView.swift in Sources */,
				F553C325283C5DD800C93D56 /* ResultView.swift in Sources */,
			);
			runOnlyForDeploymentPostprocessing = 0;
		};
/* End PBXSourcesBuildPhase section */

/* Begin XCBuildConfiguration section */
		F553C319283BBF8D00C93D56 /* Debug */ = {
			isa = XCBuildConfiguration;
			buildSettings = {
				ALWAYS_SEARCH_USER_PATHS = NO;
				CLANG_ANALYZER_NONNULL = YES;
				CLANG_ANALYZER_NUMBER_OBJECT_CONVERSION = YES_AGGRESSIVE;
				CLANG_CXX_LANGUAGE_STANDARD = "gnu++17";
				CLANG_ENABLE_MODULES = YES;
				CLANG_ENABLE_OBJC_ARC = YES;
				CLANG_ENABLE_OBJC_WEAK = YES;
				CLANG_WARN_BLOCK_CAPTURE_AUTORELEASING = YES;
				CLANG_WARN_BOOL_CONVERSION = YES;
				CLANG_WARN_COMMA = YES;
				CLANG_WARN_CONSTANT_CONVERSION = YES;
				CLANG_WARN_DEPRECATED_OBJC_IMPLEMENTATIONS = YES;
				CLANG_WARN_DIRECT_OBJC_ISA_USAGE = YES_ERROR;
				CLANG_WARN_DOCUMENTATION_COMMENTS = YES;
				CLANG_WARN_EMPTY_BODY = YES;
				CLANG_WARN_ENUM_CONVERSION = YES;
				CLANG_WARN_INFINITE_RECURSION = YES;
				CLANG_WARN_INT_CONVERSION = YES;
				CLANG_WARN_NON_LITERAL_NULL_CONVERSION = YES;
				CLANG_WARN_OBJC_IMPLICIT_RETAIN_SELF = YES;
				CLANG_WARN_OBJC_LITERAL_CONVERSION = YES;
				CLANG_WARN_OBJC_ROOT_CLASS = YES_ERROR;
				CLANG_WARN_QUOTED_INCLUDE_IN_FRAMEWORK_HEADER = YES;
				CLANG_WARN_RANGE_LOOP_ANALYSIS = YES;
				CLANG_WARN_STRICT_PROTOTYPES = YES;
				CLANG_WARN_SUSPICIOUS_MOVE = YES;
				CLANG_WARN_UNGUARDED_AVAILABILITY = YES_AGGRESSIVE;
				CLANG_WARN_UNREACHABLE_CODE = YES;
				CLANG_WARN__DUPLICATE_METHOD_MATCH = YES;
				COPY_PHASE_STRIP = NO;
				DEBUG_INFORMATION_FORMAT = dwarf;
				ENABLE_STRICT_OBJC_MSGSEND = YES;
				ENABLE_TESTABILITY = YES;
				GCC_C_LANGUAGE_STANDARD = gnu11;
				GCC_DYNAMIC_NO_PIC = NO;
				GCC_NO_COMMON_BLOCKS = YES;
				GCC_OPTIMIZATION_LEVEL = 0;
				GCC_PREPROCESSOR_DEFINITIONS = (
					"DEBUG=1",
					"$(inherited)",
				);
				GCC_WARN_64_TO_32_BIT_CONVERSION = YES;
				GCC_WARN_ABOUT_RETURN_TYPE = YES_ERROR;
				GCC_WARN_UNDECLARED_SELECTOR = YES;
				GCC_WARN_UNINITIALIZED_AUTOS = YES_AGGRESSIVE;
				GCC_WARN_UNUSED_FUNCTION = YES;
				GCC_WARN_UNUSED_VARIABLE = YES;
				IPHONEOS_DEPLOYMENT_TARGET = 15.4;
				MTL_ENABLE_DEBUG_INFO = INCLUDE_SOURCE;
				MTL_FAST_MATH = YES;
				ONLY_ACTIVE_ARCH = YES;
				SDKROOT = iphoneos;
				SWIFT_ACTIVE_COMPILATION_CONDITIONS = DEBUG;
				SWIFT_OPTIMIZATION_LEVEL = "-Onone";
			};
			name = Debug;
		};
		F553C31A283BBF8D00C93D56 /* Release */ = {
			isa = XCBuildConfiguration;
			buildSettings = {
				ALWAYS_SEARCH_USER_PATHS = NO;
				CLANG_ANALYZER_NONNULL = YES;
				CLANG_ANALYZER_NUMBER_OBJECT_CONVERSION = YES_AGGRESSIVE;
				CLANG_CXX_LANGUAGE_STANDARD = "gnu++17";
				CLANG_ENABLE_MODULES = YES;
				CLANG_ENABLE_OBJC_ARC = YES;
				CLANG_ENABLE_OBJC_WEAK = YES;
				CLANG_WARN_BLOCK_CAPTURE_AUTORELEASING = YES;
				CLANG_WARN_BOOL_CONVERSION = YES;
				CLANG_WARN_COMMA = YES;
				CLANG_WARN_CONSTANT_CONVERSION = YES;
				CLANG_WARN_DEPRECATED_OBJC_IMPLEMENTATIONS = YES;
				CLANG_WARN_DIRECT_OBJC_ISA_USAGE = YES_ERROR;
				CLANG_WARN_DOCUMENTATION_COMMENTS = YES;
				CLANG_WARN_EMPTY_BODY = YES;
				CLANG_WARN_ENUM_CONVERSION = YES;
				CLANG_WARN_INFINITE_RECURSION = YES;
				CLANG_WARN_INT_CONVERSION = YES;
				CLANG_WARN_NON_LITERAL_NULL_CONVERSION = YES;
				CLANG_WARN_OBJC_IMPLICIT_RETAIN_SELF = YES;
				CLANG_WARN_OBJC_LITERAL_CONVERSION = YES;
				CLANG_WARN_OBJC_ROOT_CLASS = YES_ERROR;
				CLANG_WARN_QUOTED_INCLUDE_IN_FRAMEWORK_HEADER = YES;
				CLANG_WARN_RANGE_LOOP_ANALYSIS = YES;
				CLANG_WARN_STRICT_PROTOTYPES = YES;
				CLANG_WARN_SUSPICIOUS_MOVE = YES;
				CLANG_WARN_UNGUARDED_AVAILABILITY = YES_AGGRESSIVE;
				CLANG_WARN_UNREACHABLE_CODE = YES;
				CLANG_WARN__DUPLICATE_METHOD_MATCH = YES;
				COPY_PHASE_STRIP = NO;
				DEBUG_INFORMATION_FORMAT = "dwarf-with-dsym";
				ENABLE_NS_ASSERTIONS = NO;
				ENABLE_STRICT_OBJC_MSGSEND = YES;
				GCC_C_LANGUAGE_STANDARD = gnu11;
				GCC_NO_COMMON_BLOCKS = YES;
				GCC_WARN_64_TO_32_BIT_CONVERSION = YES;
				GCC_WARN_ABOUT_RETURN_TYPE = YES_ERROR;
				GCC_WARN_UNDECLARED_SELECTOR = YES;
				GCC_WARN_UNINITIALIZED_AUTOS = YES_AGGRESSIVE;
				GCC_WARN_UNUSED_FUNCTION = YES;
				GCC_WARN_UNUSED_VARIABLE = YES;
				IPHONEOS_DEPLOYMENT_TARGET = 15.4;
				MTL_ENABLE_DEBUG_INFO = NO;
				MTL_FAST_MATH = YES;
				SDKROOT = iphoneos;
				SWIFT_COMPILATION_MODE = wholemodule;
				SWIFT_OPTIMIZATION_LEVEL = "-O";
				VALIDATE_PRODUCT = YES;
			};
			name = Release;
		};
		F553C31C283BBF8D00C93D56 /* Debug */ = {
			isa = XCBuildConfiguration;
			buildSettings = {
				ASSETCATALOG_COMPILER_APPICON_NAME = AppIcon;
				ASSETCATALOG_COMPILER_GLOBAL_ACCENT_COLOR_NAME = AccentColor;
				CODE_SIGN_STYLE = Automatic;
				CURRENT_PROJECT_VERSION = 1;
				DEVELOPMENT_ASSET_PATHS = "\"HotProspects/Preview Content\"";
				DEVELOPMENT_TEAM = 9B8CU8XHSY;
				ENABLE_PREVIEWS = YES;
				GENERATE_INFOPLIST_FILE = YES;
				INFOPLIST_KEY_NSCameraUsageDescription = "We need to scan QR codes";
				INFOPLIST_KEY_NSPhotoLibraryAddUsageDescription = "We need to save a photo";
				INFOPLIST_KEY_UIApplicationSceneManifest_Generation = YES;
				INFOPLIST_KEY_UIApplicationSupportsIndirectInputEvents = YES;
				INFOPLIST_KEY_UILaunchScreen_Generation = YES;
				INFOPLIST_KEY_UISupportedInterfaceOrientations_iPad = "UIInterfaceOrientationPortrait UIInterfaceOrientationPortraitUpsideDown UIInterfaceOrientationLandscapeLeft UIInterfaceOrientationLandscapeRight";
				INFOPLIST_KEY_UISupportedInterfaceOrientations_iPhone = "UIInterfaceOrientationPortrait UIInterfaceOrientationLandscapeLeft UIInterfaceOrientationLandscapeRight";
				LD_RUNPATH_SEARCH_PATHS = (
					"$(inherited)",
					"@executable_path/Frameworks",
				);
				MARKETING_VERSION = 1.0;
				PRODUCT_BUNDLE_IDENTIFIER = com.zeemoni.HotProspects;
				PRODUCT_NAME = "$(TARGET_NAME)";
				SWIFT_EMIT_LOC_STRINGS = YES;
				SWIFT_VERSION = 5.0;
				TARGETED_DEVICE_FAMILY = "1,2";
			};
			name = Debug;
		};
		F553C31D283BBF8D00C93D56 /* Release */ = {
			isa = XCBuildConfiguration;
			buildSettings = {
				ASSETCATALOG_COMPILER_APPICON_NAME = AppIcon;
				ASSETCATALOG_COMPILER_GLOBAL_ACCENT_COLOR_NAME = AccentColor;
				CODE_SIGN_STYLE = Automatic;
				CURRENT_PROJECT_VERSION = 1;
				DEVELOPMENT_ASSET_PATHS = "\"HotProspects/Preview Content\"";
				DEVELOPMENT_TEAM = 9B8CU8XHSY;
				ENABLE_PREVIEWS = YES;
				GENERATE_INFOPLIST_FILE = YES;
				INFOPLIST_KEY_NSCameraUsageDescription = "We need to scan QR codes";
				INFOPLIST_KEY_NSPhotoLibraryAddUsageDescription = "We need to save a photo";
				INFOPLIST_KEY_UIApplicationSceneManifest_Generation = YES;
				INFOPLIST_KEY_UIApplicationSupportsIndirectInputEvents = YES;
				INFOPLIST_KEY_UILaunchScreen_Generation = YES;
				INFOPLIST_KEY_UISupportedInterfaceOrientations_iPad = "UIInterfaceOrientationPortrait UIInterfaceOrientationPortraitUpsideDown UIInterfaceOrientationLandscapeLeft UIInterfaceOrientationLandscapeRight";
				INFOPLIST_KEY_UISupportedInterfaceOrientations_iPhone = "UIInterfaceOrientationPortrait UIInterfaceOrientationLandscapeLeft UIInterfaceOrientationLandscapeRight";
				LD_RUNPATH_SEARCH_PATHS = (
					"$(inherited)",
					"@executable_path/Frameworks",
				);
				MARKETING_VERSION = 1.0;
				PRODUCT_BUNDLE_IDENTIFIER = com.zeemoni.HotProspects;
				PRODUCT_NAME = "$(TARGET_NAME)";
				SWIFT_EMIT_LOC_STRINGS = YES;
				SWIFT_VERSION = 5.0;
				TARGETED_DEVICE_FAMILY = "1,2";
			};
			name = Release;
		};
/* End XCBuildConfiguration section */

/* Begin XCConfigurationList section */
		F553C308283BBF8C00C93D56 /* Build configuration list for PBXProject "HotProspects" */ = {
			isa = XCConfigurationList;
			buildConfigurations = (
				F553C319283BBF8D00C93D56 /* Debug */,
				F553C31A283BBF8D00C93D56 /* Release */,
			);
			defaultConfigurationIsVisible = 0;
			defaultConfigurationName = Release;
		};
		F553C31B283BBF8D00C93D56 /* Build configuration list for PBXNativeTarget "HotProspects" */ = {
			isa = XCConfigurationList;
			buildConfigurations = (
				F553C31C283BBF8D00C93D56 /* Debug */,
				F553C31D283BBF8D00C93D56 /* Release */,
			);
			defaultConfigurationIsVisible = 0;
			defaultConfigurationName = Release;
		};
/* End XCConfigurationList section */

/* Begin XCRemoteSwiftPackageReference section */
		F553C338283DEBD300C93D56 /* XCRemoteSwiftPackageReference "CodeScanner" */ = {
			isa = XCRemoteSwiftPackageReference;
			repositoryURL = "https://github.com/twostraws/CodeScanner";
			requirement = {
				kind = upToNextMajorVersion;
				minimumVersion = 2.0.0;
			};
		};
/* End XCRemoteSwiftPackageReference section */

/* Begin XCSwiftPackageProductDependency section */
		F553C339283DEBD300C93D56 /* CodeScanner */ = {
			isa = XCSwiftPackageProductDependency;
			package = F553C338283DEBD300C93D56 /* XCRemoteSwiftPackageReference "CodeScanner" */;
			productName = CodeScanner;
		};
/* End XCSwiftPackageProductDependency section */
	};
	rootObject = F553C305283BBF8C00C93D56 /* Project object */;
}
