// !$*UTF8*$!
{
	archiveVersion = 1;
	classes = {
	};
	objectVersion = 55;
	objects = {

/* Begin PBXBuildFile section */
		F50C7EA828392ADD00CD0CE5 /* DetailView.swift in Sources */ = {isa = PBXBuildFile; fileRef = F50C7EA728392ADD00CD0CE5 /* DetailView.swift */; };
		F50C7EAA283A3C3C00CD0CE5 /* LocationFetcher.swift in Sources */ = {isa = PBXBuildFile; fileRef = F50C7EA9283A3C3C00CD0CE5 /* LocationFetcher.swift */; };
		F50C7EAC283B2AF000CD0CE5 /* MapView.swift in Sources */ = {isa = PBXBuildFile; fileRef = F50C7EAB283B2AF000CD0CE5 /* MapView.swift */; };
		F54D21CD2838D366004269DE /* iMeetApp.swift in Sources */ = {isa = PBXBuildFile; fileRef = F54D21CC2838D366004269DE /* iMeetApp.swift */; };
		F54D21CF2838D366004269DE /* ContentView.swift in Sources */ = {isa = PBXBuildFile; fileRef = F54D21CE2838D366004269DE /* ContentView.swift */; };
		F54D21D12838D368004269DE /* Assets.xcassets in Resources */ = {isa = PBXBuildFile; fileRef = F54D21D02838D368004269DE /* Assets.xcassets */; };
		F54D21D42838D368004269DE /* Preview Assets.xcassets in Resources */ = {isa = PBXBuildFile; fileRef = F54D21D32838D368004269DE /* Preview Assets.xcassets */; };
		F54D21DB2838D579004269DE /* Person.swift in Sources */ = {isa = PBXBuildFile; fileRef = F54D21DA2838D579004269DE /* Person.swift */; };
		F54D21DD2838F7D7004269DE /* ImagePicker.swift in Sources */ = {isa = PBXBuildFile; fileRef = F54D21DC2838F7D7004269DE /* ImagePicker.swift */; };
		F54D21E12838FC73004269DE /* AddView.swift in Sources */ = {isa = PBXBuildFile; fileRef = F54D21E02838FC73004269DE /* AddView.swift */; };
/* End PBXBuildFile section */

/* Begin PBXFileReference section */
		F50C7EA728392ADD00CD0CE5 /* DetailView.swift */ = {isa = PBXFileReference; lastKnownFileType = sourcecode.swift; path = DetailView.swift; sourceTree = "<group>"; };
		F50C7EA9283A3C3C00CD0CE5 /* LocationFetcher.swift */ = {isa = PBXFileReference; lastKnownFileType = sourcecode.swift; path = LocationFetcher.swift; sourceTree = "<group>"; };
		F50C7EAB283B2AF000CD0CE5 /* MapView.swift */ = {isa = PBXFileReference; lastKnownFileType = sourcecode.swift; path = MapView.swift; sourceTree = "<group>"; };
		F54D21C92838D366004269DE /* iMeet.app */ = {isa = PBXFileReference; explicitFileType = wrapper.application; includeInIndex = 0; path = iMeet.app; sourceTree = BUILT_PRODUCTS_DIR; };
		F54D21CC2838D366004269DE /* iMeetApp.swift */ = {isa = PBXFileReference; lastKnownFileType = sourcecode.swift; path = iMeetApp.swift; sourceTree = "<group>"; };
		F54D21CE2838D366004269DE /* ContentView.swift */ = {isa = PBXFileReference; lastKnownFileType = sourcecode.swift; path = ContentView.swift; sourceTree = "<group>"; };
		F54D21D02838D368004269DE /* Assets.xcassets */ = {isa = PBXFileReference; lastKnownFileType = folder.assetcatalog; path = Assets.xcassets; sourceTree = "<group>"; };
		F54D21D32838D368004269DE /* Preview Assets.xcassets */ = {isa = PBXFileReference; lastKnownFileType = folder.assetcatalog; path = "Preview Assets.xcassets"; sourceTree = "<group>"; };
		F54D21DA2838D579004269DE /* Person.swift */ = {isa = PBXFileReference; lastKnownFileType = sourcecode.swift; path = Person.swift; sourceTree = "<group>"; };
		F54D21DC2838F7D7004269DE /* ImagePicker.swift */ = {isa = PBXFileReference; lastKnownFileType = sourcecode.swift; path = ImagePicker.swift; sourceTree = "<group>"; };
		F54D21E02838FC73004269DE /* AddView.swift */ = {isa = PBXFileReference; lastKnownFileType = sourcecode.swift; path = AddView.swift; sourceTree = "<group>"; };
/* End PBXFileReference section */

/* Begin PBXFrameworksBuildPhase section */
		F54D21C62838D366004269DE /* Frameworks */ = {
			isa = PBXFrameworksBuildPhase;
			buildActionMask = 2147483647;
			files = (
			);
			runOnlyForDeploymentPostprocessing = 0;
		};
/* End PBXFrameworksBuildPhase section */

/* Begin PBXGroup section */
		F54D21C02838D366004269DE = {
			isa = PBXGroup;
			children = (
				F54D21CB2838D366004269DE /* iMeet */,
				F54D21CA2838D366004269DE /* Products */,
			);
			sourceTree = "<group>";
		};
		F54D21CA2838D366004269DE /* Products */ = {
			isa = PBXGroup;
			children = (
				F54D21C92838D366004269DE /* iMeet.app */,
			);
			name = Products;
			sourceTree = "<group>";
		};
		F54D21CB2838D366004269DE /* iMeet */ = {
			isa = PBXGroup;
			children = (
				F54D21CC2838D366004269DE /* iMeetApp.swift */,
				F54D21CE2838D366004269DE /* ContentView.swift */,
				F50C7EA9283A3C3C00CD0CE5 /* LocationFetcher.swift */,
				F50C7EA728392ADD00CD0CE5 /* DetailView.swift */,
				F50C7EAB283B2AF000CD0CE5 /* MapView.swift */,
				F54D21E02838FC73004269DE /* AddView.swift */,
				F54D21DA2838D579004269DE /* Person.swift */,
				F54D21DC2838F7D7004269DE /* ImagePicker.swift */,
				F54D21D02838D368004269DE /* Assets.xcassets */,
				F54D21D22838D368004269DE /* Preview Content */,
			);
			path = iMeet;
			sourceTree = "<group>";
		};
		F54D21D22838D368004269DE /* Preview Content */ = {
			isa = PBXGroup;
			children = (
				F54D21D32838D368004269DE /* Preview Assets.xcassets */,
			);
			path = "Preview Content";
			sourceTree = "<group>";
		};
/* End PBXGroup section */

/* Begin PBXNativeTarget section */
		F54D21C82838D366004269DE /* iMeet */ = {
			isa = PBXNativeTarget;
			buildConfigurationList = F54D21D72838D368004269DE /* Build configuration list for PBXNativeTarget "iMeet" */;
			buildPhases = (
				F54D21C52838D366004269DE /* Sources */,
				F54D21C62838D366004269DE /* Frameworks */,
				F54D21C72838D366004269DE /* Resources */,
			);
			buildRules = (
			);
			dependencies = (
			);
			name = iMeet;
			productName = iMeet;
			productReference = F54D21C92838D366004269DE /* iMeet.app */;
			productType = "com.apple.product-type.application";
		};
/* End PBXNativeTarget section */

/* Begin PBXProject section */
		F54D21C12838D366004269DE /* Project object */ = {
			isa = PBXProject;
			attributes = {
				BuildIndependentTargetsInParallel = 1;
				LastSwiftUpdateCheck = 1330;
				LastUpgradeCheck = 1330;
				TargetAttributes = {
					F54D21C82838D366004269DE = {
						CreatedOnToolsVersion = 13.3;
					};
				};
			};
			buildConfigurationList = F54D21C42838D366004269DE /* Build configuration list for PBXProject "iMeet" */;
			compatibilityVersion = "Xcode 13.0";
			developmentRegion = en;
			hasScannedForEncodings = 0;
			knownRegions = (
				en,
				Base,
			);
			mainGroup = F54D21C02838D366004269DE;
			productRefGroup = F54D21CA2838D366004269DE /* Products */;
			projectDirPath = "";
			projectRoot = "";
			targets = (
				F54D21C82838D366004269DE /* iMeet */,
			);
		};
/* End PBXProject section */

/* Begin PBXResourcesBuildPhase section */
		F54D21C72838D366004269DE /* Resources */ = {
			isa = PBXResourcesBuildPhase;
			buildActionMask = 2147483647;
			files = (
				F54D21D42838D368004269DE /* Preview Assets.xcassets in Resources */,
				F54D21D12838D368004269DE /* Assets.xcassets in Resources */,
			);
			runOnlyForDeploymentPostprocessing = 0;
		};
/* End PBXResourcesBuildPhase section */

/* Begin PBXSourcesBuildPhase section */
		F54D21C52838D366004269DE /* Sources */ = {
			isa = PBXSourcesBuildPhase;
			buildActionMask = 2147483647;
			files = (
				F54D21DB2838D579004269DE /* Person.swift in Sources */,
				F50C7EAC283B2AF000CD0CE5 /* MapView.swift in Sources */,
				F50C7EA828392ADD00CD0CE5 /* DetailView.swift in Sources */,
				F54D21DD2838F7D7004269DE /* ImagePicker.swift in Sources */,
				F54D21E12838FC73004269DE /* AddView.swift in Sources */,
				F54D21CF2838D366004269DE /* ContentView.swift in Sources */,
				F54D21CD2838D366004269DE /* iMeetApp.swift in Sources */,
				F50C7EAA283A3C3C00CD0CE5 /* LocationFetcher.swift in Sources */,
			);
			runOnlyForDeploymentPostprocessing = 0;
		};
/* End PBXSourcesBuildPhase section */

/* Begin XCBuildConfiguration section */
		F54D21D52838D368004269DE /* Debug */ = {
			isa = XCBuildConfiguration;
			buildSettings = {
				ALWAYS_SEARCH_USER_PATHS = NO;
				CLANG_ANALYZER_NONNULL = YES;
				CLANG_ANALYZER_NUMBER_OBJECT_CONVERSION = YES_AGGRESSIVE;
				CLANG_CXX_LANGUAGE_STANDARD = "gnu++17";
				CLANG_ENABLE_MODULES = YES;
				CLANG_ENABLE_OBJC_ARC = YES;
				CLANG_ENABLE_OBJC_WEAK = YES;
				CLANG_WARN_BLOCK_CAPTURE_AUTORELEASING = YES;
				CLANG_WARN_BOOL_CONVERSION = YES;
				CLANG_WARN_COMMA = YES;
				CLANG_WARN_CONSTANT_CONVERSION = YES;
				CLANG_WARN_DEPRECATED_OBJC_IMPLEMENTATIONS = YES;
				CLANG_WARN_DIRECT_OBJC_ISA_USAGE = YES_ERROR;
				CLANG_WARN_DOCUMENTATION_COMMENTS = YES;
				CLANG_WARN_EMPTY_BODY = YES;
				CLANG_WARN_ENUM_CONVERSION = YES;
				CLANG_WARN_INFINITE_RECURSION = YES;
				CLANG_WARN_INT_CONVERSION = YES;
				CLANG_WARN_NON_LITERAL_NULL_CONVERSION = YES;
				CLANG_WARN_OBJC_IMPLICIT_RETAIN_SELF = YES;
				CLANG_WARN_OBJC_LITERAL_CONVERSION = YES;
				CLANG_WARN_OBJC_ROOT_CLASS = YES_ERROR;
				CLANG_WARN_QUOTED_INCLUDE_IN_FRAMEWORK_HEADER = YES;
				CLANG_WARN_RANGE_LOOP_ANALYSIS = YES;
				CLANG_WARN_STRICT_PROTOTYPES = YES;
				CLANG_WARN_SUSPICIOUS_MOVE = YES;
				CLANG_WARN_UNGUARDED_AVAILABILITY = YES_AGGRESSIVE;
				CLANG_WARN_UNREACHABLE_CODE = YES;
				CLANG_WARN__DUPLICATE_METHOD_MATCH = YES;
				COPY_PHASE_STRIP = NO;
				DEBUG_INFORMATION_FORMAT = dwarf;
				ENABLE_STRICT_OBJC_MSGSEND = YES;
				ENABLE_TESTABILITY = YES;
				GCC_C_LANGUAGE_STANDARD = gnu11;
				GCC_DYNAMIC_NO_PIC = NO;
				GCC_NO_COMMON_BLOCKS = YES;
				GCC_OPTIMIZATION_LEVEL = 0;
				GCC_PREPROCESSOR_DEFINITIONS = (
					"DEBUG=1",
					"$(inherited)",
				);
				GCC_WARN_64_TO_32_BIT_CONVERSION = YES;
				GCC_WARN_ABOUT_RETURN_TYPE = YES_ERROR;
				GCC_WARN_UNDECLARED_SELECTOR = YES;
				GCC_WARN_UNINITIALIZED_AUTOS = YES_AGGRESSIVE;
				GCC_WARN_UNUSED_FUNCTION = YES;
				GCC_WARN_UNUSED_VARIABLE = YES;
				IPHONEOS_DEPLOYMENT_TARGET = 15.4;
				MTL_ENABLE_DEBUG_INFO = INCLUDE_SOURCE;
				MTL_FAST_MATH = YES;
				ONLY_ACTIVE_ARCH = YES;
				SDKROOT = iphoneos;
				SWIFT_ACTIVE_COMPILATION_CONDITIONS = DEBUG;
				SWIFT_OPTIMIZATION_LEVEL = "-Onone";
			};
			name = Debug;
		};
		F54D21D62838D368004269DE /* Release */ = {
			isa = XCBuildConfiguration;
			buildSettings = {
				ALWAYS_SEARCH_USER_PATHS = NO;
				CLANG_ANALYZER_NONNULL = YES;
				CLANG_ANALYZER_NUMBER_OBJECT_CONVERSION = YES_AGGRESSIVE;
				CLANG_CXX_LANGUAGE_STANDARD = "gnu++17";
				CLANG_ENABLE_MODULES = YES;
				CLANG_ENABLE_OBJC_ARC = YES;
				CLANG_ENABLE_OBJC_WEAK = YES;
				CLANG_WARN_BLOCK_CAPTURE_AUTORELEASING = YES;
				CLANG_WARN_BOOL_CONVERSION = YES;
				CLANG_WARN_COMMA = YES;
				CLANG_WARN_CONSTANT_CONVERSION = YES;
				CLANG_WARN_DEPRECATED_OBJC_IMPLEMENTATIONS = YES;
				CLANG_WARN_DIRECT_OBJC_ISA_USAGE = YES_ERROR;
				CLANG_WARN_DOCUMENTATION_COMMENTS = YES;
				CLANG_WARN_EMPTY_BODY = YES;
				CLANG_WARN_ENUM_CONVERSION = YES;
				CLANG_WARN_INFINITE_RECURSION = YES;
				CLANG_WARN_INT_CONVERSION = YES;
				CLANG_WARN_NON_LITERAL_NULL_CONVERSION = YES;
				CLANG_WARN_OBJC_IMPLICIT_RETAIN_SELF = YES;
				CLANG_WARN_OBJC_LITERAL_CONVERSION = YES;
				CLANG_WARN_OBJC_ROOT_CLASS = YES_ERROR;
				CLANG_WARN_QUOTED_INCLUDE_IN_FRAMEWORK_HEADER = YES;
				CLANG_WARN_RANGE_LOOP_ANALYSIS = YES;
				CLANG_WARN_STRICT_PROTOTYPES = YES;
				CLANG_WARN_SUSPICIOUS_MOVE = YES;
				CLANG_WARN_UNGUARDED_AVAILABILITY = YES_AGGRESSIVE;
				CLANG_WARN_UNREACHABLE_CODE = YES;
				CLANG_WARN__DUPLICATE_METHOD_MATCH = YES;
				COPY_PHASE_STRIP = NO;
				DEBUG_INFORMATION_FORMAT = "dwarf-with-dsym";
				ENABLE_NS_ASSERTIONS = NO;
				ENABLE_STRICT_OBJC_MSGSEND = YES;
				GCC_C_LANGUAGE_STANDARD = gnu11;
				GCC_NO_COMMON_BLOCKS = YES;
				GCC_WARN_64_TO_32_BIT_CONVERSION = YES;
				GCC_WARN_ABOUT_RETURN_TYPE = YES_ERROR;
				GCC_WARN_UNDECLARED_SELECTOR = YES;
				GCC_WARN_UNINITIALIZED_AUTOS = YES_AGGRESSIVE;
				GCC_WARN_UNUSED_FUNCTION = YES;
				GCC_WARN_UNUSED_VARIABLE = YES;
				IPHONEOS_DEPLOYMENT_TARGET = 15.4;
				MTL_ENABLE_DEBUG_INFO = NO;
				MTL_FAST_MATH = YES;
				SDKROOT = iphoneos;
				SWIFT_COMPILATION_MODE = wholemodule;
				SWIFT_OPTIMIZATION_LEVEL = "-O";
				VALIDATE_PRODUCT = YES;
			};
			name = Release;
		};
		F54D21D82838D368004269DE /* Debug */ = {
			isa = XCBuildConfiguration;
			buildSettings = {
				ASSETCATALOG_COMPILER_APPICON_NAME = AppIcon;
				ASSETCATALOG_COMPILER_GLOBAL_ACCENT_COLOR_NAME = AccentColor;
				CODE_SIGN_STYLE = Automatic;
				CURRENT_PROJECT_VERSION = 1;
				DEVELOPMENT_ASSET_PATHS = "\"iMeet/Preview Content\"";
				DEVELOPMENT_TEAM = 9B8CU8XHSY;
				ENABLE_PREVIEWS = YES;
				GENERATE_INFOPLIST_FILE = YES;
				INFOPLIST_KEY_NSCameraUsageDescription = "Please allow access to camera";
				INFOPLIST_KEY_NSLocationWhenInUseUsageDescription = "We'd like to save the location for this person";
				INFOPLIST_KEY_NSPhotoLibraryUsageDescription = "Please allow access to your Photo Library";
				INFOPLIST_KEY_UIApplicationSceneManifest_Generation = YES;
				INFOPLIST_KEY_UIApplicationSupportsIndirectInputEvents = YES;
				INFOPLIST_KEY_UILaunchScreen_Generation = YES;
				INFOPLIST_KEY_UISupportedInterfaceOrientations_iPad = "UIInterfaceOrientationPortrait UIInterfaceOrientationPortraitUpsideDown UIInterfaceOrientationLandscapeLeft UIInterfaceOrientationLandscapeRight";
				INFOPLIST_KEY_UISupportedInterfaceOrientations_iPhone = "UIInterfaceOrientationPortrait UIInterfaceOrientationLandscapeLeft UIInterfaceOrientationLandscapeRight";
				LD_RUNPATH_SEARCH_PATHS = (
					"$(inherited)",
					"@executable_path/Frameworks",
				);
				MARKETING_VERSION = 1.0;
				PRODUCT_BUNDLE_IDENTIFIER = com.zeemoni.BookWorm;
				PRODUCT_NAME = "$(TARGET_NAME)";
				SWIFT_EMIT_LOC_STRINGS = YES;
				SWIFT_VERSION = 5.0;
				TARGETED_DEVICE_FAMILY = "1,2";
			};
			name = Debug;
		};
		F54D21D92838D368004269DE /* Release */ = {
			isa = XCBuildConfiguration;
			buildSettings = {
				ASSETCATALOG_COMPILER_APPICON_NAME = AppIcon;
				ASSETCATALOG_COMPILER_GLOBAL_ACCENT_COLOR_NAME = AccentColor;
				CODE_SIGN_STYLE = Automatic;
				CURRENT_PROJECT_VERSION = 1;
				DEVELOPMENT_ASSET_PATHS = "\"iMeet/Preview Content\"";
				DEVELOPMENT_TEAM = 9B8CU8XHSY;
				ENABLE_PREVIEWS = YES;
				GENERATE_INFOPLIST_FILE = YES;
				INFOPLIST_KEY_NSCameraUsageDescription = "Please allow access to camera";
				INFOPLIST_KEY_NSLocationWhenInUseUsageDescription = "We'd like to save the location for this person";
				INFOPLIST_KEY_NSPhotoLibraryUsageDescription = "Please allow access to your Photo Library";
				INFOPLIST_KEY_UIApplicationSceneManifest_Generation = YES;
				INFOPLIST_KEY_UIApplicationSupportsIndirectInputEvents = YES;
				INFOPLIST_KEY_UILaunchScreen_Generation = YES;
				INFOPLIST_KEY_UISupportedInterfaceOrientations_iPad = "UIInterfaceOrientationPortrait UIInterfaceOrientationPortraitUpsideDown UIInterfaceOrientationLandscapeLeft UIInterfaceOrientationLandscapeRight";
				INFOPLIST_KEY_UISupportedInterfaceOrientations_iPhone = "UIInterfaceOrientationPortrait UIInterfaceOrientationLandscapeLeft UIInterfaceOrientationLandscapeRight";
				LD_RUNPATH_SEARCH_PATHS = (
					"$(inherited)",
					"@executable_path/Frameworks",
				);
				MARKETING_VERSION = 1.0;
				PRODUCT_BUNDLE_IDENTIFIER = com.zeemoni.BookWorm;
				PRODUCT_NAME = "$(TARGET_NAME)";
				SWIFT_EMIT_LOC_STRINGS = YES;
				SWIFT_VERSION = 5.0;
				TARGETED_DEVICE_FAMILY = "1,2";
			};
			name = Release;
		};
/* End XCBuildConfiguration section */

/* Begin XCConfigurationList section */
		F54D21C42838D366004269DE /* Build configuration list for PBXProject "iMeet" */ = {
			isa = XCConfigurationList;
			buildConfigurations = (
				F54D21D52838D368004269DE /* Debug */,
				F54D21D62838D368004269DE /* Release */,
			);
			defaultConfigurationIsVisible = 0;
			defaultConfigurationName = Release;
		};
		F54D21D72838D368004269DE /* Build configuration list for PBXNativeTarget "iMeet" */ = {
			isa = XCConfigurationList;
			buildConfigurations = (
				F54D21D82838D368004269DE /* Debug */,
				F54D21D92838D368004269DE /* Release */,
			);
			defaultConfigurationIsVisible = 0;
			defaultConfigurationName = Release;
		};
/* End XCConfigurationList section */
	};
	rootObject = F54D21C12838D366004269DE /* Project object */;
}
